
Microsoft Visual Studio Solution File, Format Version 12.00
# Visual Studio 15
Project("{FAE04EC0-301F-11D3-BF4B-00C04F79EFBC}") = "T39-Middle-Array-Backtracking", "T39-Middle-Array-Backtracking\T39-Middle-Array-Backtracking.csproj", "{F19C131E-C595-4AD3-B8E4-6FE82D0DE3A2}"
EndProject
Global
	GlobalSection(SolutionConfigurationPlatforms) = preSolution
		Debug|Any CPU = Debug|Any CPU
		Release|Any CPU = Release|Any CPU
	EndGlobalSection
	GlobalSection(ProjectConfigurationPlatforms) = postSolution
		{F19C131E-C595-4AD3-B8E4-6FE82D0DE3A2}.Debug|Any CPU.ActiveCfg = Debug|Any CPU
		{F19C131E-C595-4AD3-B8E4-6FE82D0DE3A2}.Debug|Any CPU.Build.0 = Debug|Any CPU
		{F19C131E-C595-4AD3-B8E4-6FE82D0DE3A2}.Release|Any CPU.ActiveCfg = Release|Any CPU
		{F19C131E-C595-4AD3-B8E4-6FE82D0DE3A2}.Release|Any CPU.Build.0 = Release|Any CPU
	EndGlobalSection
EndGlobal
