
Microsoft Visual Studio Solution File, Format Version 12.00
# Visual Studio Version 16
VisualStudioVersion = 16.0.29613.14
MinimumVisualStudioVersion = 10.0.40219.1
Project("{FAE04EC0-301F-11D3-BF4B-00C04F79EFBC}") = "T101-Easy-Tree-DepthFirstSearch-BreadthFirstSearch", "T101-Easy-Tree-DepthFirstSearch-BreadthFirstSearch.csproj", "{155620AE-5126-478B-B637-045C9162CA6C}"
EndProject
Global
	GlobalSection(SolutionConfigurationPlatforms) = preSolution
		Debug|Any CPU = Debug|Any CPU
		Release|Any CPU = Release|Any CPU
	EndGlobalSection
	GlobalSection(ProjectConfigurationPlatforms) = postSolution
		{155620AE-5126-478B-B637-045C9162CA6C}.Debug|Any CPU.ActiveCfg = Debug|Any CPU
		{155620AE-5126-478B-B637-045C9162CA6C}.Debug|Any CPU.Build.0 = Debug|Any CPU
		{155620AE-5126-478B-B637-045C9162CA6C}.Release|Any CPU.ActiveCfg = Release|Any CPU
		{155620AE-5126-478B-B637-045C9162CA6C}.Release|Any CPU.Build.0 = Release|Any CPU
	EndGlobalSection
	GlobalSection(SolutionProperties) = preSolution
		HideSolutionNode = FALSE
	EndGlobalSection
	GlobalSection(ExtensibilityGlobals) = postSolution
		SolutionGuid = {D1C24E1F-3E3F-4E52-B22D-5603A9A84D6E}
	EndGlobalSection
EndGlobal
