
Microsoft Visual Studio Solution File, Format Version 12.00
# Visual Studio Version 16
VisualStudioVersion = 16.0.29613.14
MinimumVisualStudioVersion = 10.0.40219.1
Project("{FAE04EC0-301F-11D3-BF4B-00C04F79EFBC}") = "WeeklyCompetition182", "WeeklyCompetition182.csproj", "{AD7F7994-A1A1-4977-820E-8BEF4850B7C6}"
EndProject
Global
	GlobalSection(SolutionConfigurationPlatforms) = preSolution
		Debug|Any CPU = Debug|Any CPU
		Release|Any CPU = Release|Any CPU
	EndGlobalSection
	GlobalSection(ProjectConfigurationPlatforms) = postSolution
		{AD7F7994-A1A1-4977-820E-8BEF4850B7C6}.Debug|Any CPU.ActiveCfg = Debug|Any CPU
		{AD7F7994-A1A1-4977-820E-8BEF4850B7C6}.Debug|Any CPU.Build.0 = Debug|Any CPU
		{AD7F7994-A1A1-4977-820E-8BEF4850B7C6}.Release|Any CPU.ActiveCfg = Release|Any CPU
		{AD7F7994-A1A1-4977-820E-8BEF4850B7C6}.Release|Any CPU.Build.0 = Release|Any CPU
	EndGlobalSection
	GlobalSection(SolutionProperties) = preSolution
		HideSolutionNode = FALSE
	EndGlobalSection
	GlobalSection(ExtensibilityGlobals) = postSolution
		SolutionGuid = {D3628DAA-414C-47A4-B681-5F06E9F4EA69}
	EndGlobalSection
EndGlobal
