
Microsoft Visual Studio Solution File, Format Version 12.00
# Visual Studio Version 16
VisualStudioVersion = 16.0.29613.14
MinimumVisualStudioVersion = 10.0.40219.1
Project("{FAE04EC0-301F-11D3-BF4B-00C04F79EFBC}") = "T239-Hard-Heap-SlidingWindow", "T239-Hard-Heap-SlidingWindow.csproj", "{53422A5B-EB4C-420B-BA1F-904A632D70CB}"
EndProject
Global
	GlobalSection(SolutionConfigurationPlatforms) = preSolution
		Debug|Any CPU = Debug|Any CPU
		Release|Any CPU = Release|Any CPU
	EndGlobalSection
	GlobalSection(ProjectConfigurationPlatforms) = postSolution
		{53422A5B-EB4C-420B-BA1F-904A632D70CB}.Debug|Any CPU.ActiveCfg = Debug|Any CPU
		{53422A5B-EB4C-420B-BA1F-904A632D70CB}.Debug|Any CPU.Build.0 = Debug|Any CPU
		{53422A5B-EB4C-420B-BA1F-904A632D70CB}.Release|Any CPU.ActiveCfg = Release|Any CPU
		{53422A5B-EB4C-420B-BA1F-904A632D70CB}.Release|Any CPU.Build.0 = Release|Any CPU
	EndGlobalSection
	GlobalSection(SolutionProperties) = preSolution
		HideSolutionNode = FALSE
	EndGlobalSection
	GlobalSection(ExtensibilityGlobals) = postSolution
		SolutionGuid = {C1077F5C-E54E-432A-9323-4C4F576A6A35}
	EndGlobalSection
EndGlobal
