
Microsoft Visual Studio Solution File, Format Version 12.00
# Visual Studio Version 16
VisualStudioVersion = 16.0.29613.14
MinimumVisualStudioVersion = 10.0.40219.1
Project("{FAE04EC0-301F-11D3-BF4B-00C04F79EFBC}") = "T820-Middle-String", "T820-Middle-String.csproj", "{EC412FF7-D9D4-4573-A41F-C32E6A53FD64}"
EndProject
Global
	GlobalSection(SolutionConfigurationPlatforms) = preSolution
		Debug|Any CPU = Debug|Any CPU
		Release|Any CPU = Release|Any CPU
	EndGlobalSection
	GlobalSection(ProjectConfigurationPlatforms) = postSolution
		{EC412FF7-D9D4-4573-A41F-C32E6A53FD64}.Debug|Any CPU.ActiveCfg = Debug|Any CPU
		{EC412FF7-D9D4-4573-A41F-C32E6A53FD64}.Debug|Any CPU.Build.0 = Debug|Any CPU
		{EC412FF7-D9D4-4573-A41F-C32E6A53FD64}.Release|Any CPU.ActiveCfg = Release|Any CPU
		{EC412FF7-D9D4-4573-A41F-C32E6A53FD64}.Release|Any CPU.Build.0 = Release|Any CPU
	EndGlobalSection
	GlobalSection(SolutionProperties) = preSolution
		HideSolutionNode = FALSE
	EndGlobalSection
	GlobalSection(ExtensibilityGlobals) = postSolution
		SolutionGuid = {83D0B312-DD17-4678-B3A8-DFC38862C79D}
	EndGlobalSection
EndGlobal
