
Microsoft Visual Studio Solution File, Format Version 12.00
# Visual Studio Version 16
VisualStudioVersion = 16.0.29613.14
MinimumVisualStudioVersion = 10.0.40219.1
Project("{FAE04EC0-301F-11D3-BF4B-00C04F79EFBC}") = "T300-Middle-BinarySearch-DynamicProgramming", "T300-Middle-BinarySearch-DynamicProgramming.csproj", "{2DCDAEBA-AB47-41B9-A42B-ADF89F749483}"
EndProject
Global
	GlobalSection(SolutionConfigurationPlatforms) = preSolution
		Debug|Any CPU = Debug|Any CPU
		Release|Any CPU = Release|Any CPU
	EndGlobalSection
	GlobalSection(ProjectConfigurationPlatforms) = postSolution
		{2DCDAEBA-AB47-41B9-A42B-ADF89F749483}.Debug|Any CPU.ActiveCfg = Debug|Any CPU
		{2DCDAEBA-AB47-41B9-A42B-ADF89F749483}.Debug|Any CPU.Build.0 = Debug|Any CPU
		{2DCDAEBA-AB47-41B9-A42B-ADF89F749483}.Release|Any CPU.ActiveCfg = Release|Any CPU
		{2DCDAEBA-AB47-41B9-A42B-ADF89F749483}.Release|Any CPU.Build.0 = Release|Any CPU
	EndGlobalSection
	GlobalSection(SolutionProperties) = preSolution
		HideSolutionNode = FALSE
	EndGlobalSection
	GlobalSection(ExtensibilityGlobals) = postSolution
		SolutionGuid = {1AA26BAF-F6AF-458B-8128-518EE2846ACA}
	EndGlobalSection
EndGlobal
