
Microsoft Visual Studio Solution File, Format Version 12.00
# Visual Studio Version 16
VisualStudioVersion = 16.0.29613.14
MinimumVisualStudioVersion = 10.0.40219.1
Project("{FAE04EC0-301F-11D3-BF4B-00C04F79EFBC}") = "T188-Hard-DynamicProgramming", "T188-Hard-DynamicProgramming.csproj", "{46BC19A4-C6E8-4350-A42E-31BC9DAD0B96}"
EndProject
Global
	GlobalSection(SolutionConfigurationPlatforms) = preSolution
		Debug|Any CPU = Debug|Any CPU
		Release|Any CPU = Release|Any CPU
	EndGlobalSection
	GlobalSection(ProjectConfigurationPlatforms) = postSolution
		{46BC19A4-C6E8-4350-A42E-31BC9DAD0B96}.Debug|Any CPU.ActiveCfg = Debug|Any CPU
		{46BC19A4-C6E8-4350-A42E-31BC9DAD0B96}.Debug|Any CPU.Build.0 = Debug|Any CPU
		{46BC19A4-C6E8-4350-A42E-31BC9DAD0B96}.Release|Any CPU.ActiveCfg = Release|Any CPU
		{46BC19A4-C6E8-4350-A42E-31BC9DAD0B96}.Release|Any CPU.Build.0 = Release|Any CPU
	EndGlobalSection
	GlobalSection(SolutionProperties) = preSolution
		HideSolutionNode = FALSE
	EndGlobalSection
	GlobalSection(ExtensibilityGlobals) = postSolution
		SolutionGuid = {FC0688F4-57BB-4DAD-8E46-669773C700DF}
	EndGlobalSection
EndGlobal
