
Microsoft Visual Studio Solution File, Format Version 12.00
# Visual Studio Version 16
VisualStudioVersion = 16.0.29613.14
MinimumVisualStudioVersion = 10.0.40219.1
Project("{FAE04EC0-301F-11D3-BF4B-00C04F79EFBC}") = "T234-Easy-LinkedList-TwoPointers", "T234-Easy-LinkedList-TwoPointers.csproj", "{64EE21CB-66EB-4EC1-92AC-35DDFE3FE58F}"
EndProject
Global
	GlobalSection(SolutionConfigurationPlatforms) = preSolution
		Debug|Any CPU = Debug|Any CPU
		Release|Any CPU = Release|Any CPU
	EndGlobalSection
	GlobalSection(ProjectConfigurationPlatforms) = postSolution
		{64EE21CB-66EB-4EC1-92AC-35DDFE3FE58F}.Debug|Any CPU.ActiveCfg = Debug|Any CPU
		{64EE21CB-66EB-4EC1-92AC-35DDFE3FE58F}.Debug|Any CPU.Build.0 = Debug|Any CPU
		{64EE21CB-66EB-4EC1-92AC-35DDFE3FE58F}.Release|Any CPU.ActiveCfg = Release|Any CPU
		{64EE21CB-66EB-4EC1-92AC-35DDFE3FE58F}.Release|Any CPU.Build.0 = Release|Any CPU
	EndGlobalSection
	GlobalSection(SolutionProperties) = preSolution
		HideSolutionNode = FALSE
	EndGlobalSection
	GlobalSection(ExtensibilityGlobals) = postSolution
		SolutionGuid = {48F589CD-8CE7-446A-AB4D-F7A9C2751905}
	EndGlobalSection
EndGlobal
