
Microsoft Visual Studio Solution File, Format Version 12.00
# Visual Studio Version 16
VisualStudioVersion = 16.0.29613.14
MinimumVisualStudioVersion = 10.0.40219.1
Project("{FAE04EC0-301F-11D3-BF4B-00C04F79EFBC}") = "T312-Hard-DivideAndConquer-DynamicProgramming", "T312-Hard-DivideAndConquer-DynamicProgramming.csproj", "{15333A16-CA99-4D2C-903F-CF3F26B517F1}"
EndProject
Global
	GlobalSection(SolutionConfigurationPlatforms) = preSolution
		Debug|Any CPU = Debug|Any CPU
		Release|Any CPU = Release|Any CPU
	EndGlobalSection
	GlobalSection(ProjectConfigurationPlatforms) = postSolution
		{15333A16-CA99-4D2C-903F-CF3F26B517F1}.Debug|Any CPU.ActiveCfg = Debug|Any CPU
		{15333A16-CA99-4D2C-903F-CF3F26B517F1}.Debug|Any CPU.Build.0 = Debug|Any CPU
		{15333A16-CA99-4D2C-903F-CF3F26B517F1}.Release|Any CPU.ActiveCfg = Release|Any CPU
		{15333A16-CA99-4D2C-903F-CF3F26B517F1}.Release|Any CPU.Build.0 = Release|Any CPU
	EndGlobalSection
	GlobalSection(SolutionProperties) = preSolution
		HideSolutionNode = FALSE
	EndGlobalSection
	GlobalSection(ExtensibilityGlobals) = postSolution
		SolutionGuid = {0DB2AE07-709B-4755-9CE3-3BC1DD4E286A}
	EndGlobalSection
EndGlobal
