
Microsoft Visual Studio Solution File, Format Version 12.00
# Visual Studio Version 16
VisualStudioVersion = 16.0.29613.14
MinimumVisualStudioVersion = 10.0.40219.1
Project("{FAE04EC0-301F-11D3-BF4B-00C04F79EFBC}") = "DoubleWeeklyCompetition20", "DoubleWeeklyCompetition20.csproj", "{122ECC57-0C50-430E-BDC7-54ECADDEF008}"
EndProject
Global
	GlobalSection(SolutionConfigurationPlatforms) = preSolution
		Debug|Any CPU = Debug|Any CPU
		Release|Any CPU = Release|Any CPU
	EndGlobalSection
	GlobalSection(ProjectConfigurationPlatforms) = postSolution
		{122ECC57-0C50-430E-BDC7-54ECADDEF008}.Debug|Any CPU.ActiveCfg = Debug|Any CPU
		{122ECC57-0C50-430E-BDC7-54ECADDEF008}.Debug|Any CPU.Build.0 = Debug|Any CPU
		{122ECC57-0C50-430E-BDC7-54ECADDEF008}.Release|Any CPU.ActiveCfg = Release|Any CPU
		{122ECC57-0C50-430E-BDC7-54ECADDEF008}.Release|Any CPU.Build.0 = Release|Any CPU
	EndGlobalSection
	GlobalSection(SolutionProperties) = preSolution
		HideSolutionNode = FALSE
	EndGlobalSection
	GlobalSection(ExtensibilityGlobals) = postSolution
		SolutionGuid = {3988C929-76A7-4598-8ED1-3ABD1F6BC525}
	EndGlobalSection
EndGlobal
